// !$*UTF8*$!
{
	archiveVersion = 1;
	classes = {
	};
	objectVersion = 50;
	objects = {

/* Begin PBXBuildFile section */
		9B2FA975229BBCB8009328BD /* ProductCollectionViewCell.swift in Sources */ = {isa = PBXBuildFile; fileRef = 9B2FA973229BBCB8009328BD /* ProductCollectionViewCell.swift */; };
		9B2FA976229BBCB8009328BD /* ProductCollectionViewCell.xib in Resources */ = {isa = PBXBuildFile; fileRef = 9B2FA974229BBCB8009328BD /* ProductCollectionViewCell.xib */; };
		9B323CBB229BC8190098B207 /* RequestManager.swift in Sources */ = {isa = PBXBuildFile; fileRef = 9B323CB9229BC8190098B207 /* RequestManager.swift */; };
		9B323CBC229BC8190098B207 /* ImageManager.swift in Sources */ = {isa = PBXBuildFile; fileRef = 9B323CBA229BC8190098B207 /* ImageManager.swift */; };
		9B323CBE229BD1FB0098B207 /* StructEndpoints.swift in Sources */ = {isa = PBXBuildFile; fileRef = 9B323CBD229BD1FB0098B207 /* StructEndpoints.swift */; };
		9B7004EB229AF86500E20E80 /* AppDelegate.swift in Sources */ = {isa = PBXBuildFile; fileRef = 9B7004EA229AF86500E20E80 /* AppDelegate.swift */; };
		9B7004ED229AF86500E20E80 /* StartViewController.swift in Sources */ = {isa = PBXBuildFile; fileRef = 9B7004EC229AF86500E20E80 /* StartViewController.swift */; };
		9B7004EF229AF86500E20E80 /* SearchViewController.swift in Sources */ = {isa = PBXBuildFile; fileRef = 9B7004EE229AF86500E20E80 /* SearchViewController.swift */; };
		9B7004F2229AF86500E20E80 /* Main.storyboard in Resources */ = {isa = PBXBuildFile; fileRef = 9B7004F0229AF86500E20E80 /* Main.storyboard */; };
		9B7004F4229AF86700E20E80 /* Assets.xcassets in Resources */ = {isa = PBXBuildFile; fileRef = 9B7004F3229AF86700E20E80 /* Assets.xcassets */; };
		9B7004F7229AF86700E20E80 /* LaunchScreen.storyboard in Resources */ = {isa = PBXBuildFile; fileRef = 9B7004F5229AF86700E20E80 /* LaunchScreen.storyboard */; };
		9B700512229B0BCC00E20E80 /* FavoritesViewController.swift in Sources */ = {isa = PBXBuildFile; fileRef = 9B700511229B0BCC00E20E80 /* FavoritesViewController.swift */; };
		9B700514229B0F4400E20E80 /* TabBarController.swift in Sources */ = {isa = PBXBuildFile; fileRef = 9B700513229B0F4400E20E80 /* TabBarController.swift */; };
		9B7ACBAA229B842700DE7DFC /* MyAccountViewController.swift in Sources */ = {isa = PBXBuildFile; fileRef = 9B7ACBA9229B842700DE7DFC /* MyAccountViewController.swift */; };
		9B7ACBCE229B89D800DE7DFC /* Localizable.strings in Resources */ = {isa = PBXBuildFile; fileRef = 9B7ACBC3229B89D800DE7DFC /* Localizable.strings */; };
		9B7ACBD1229B89D800DE7DFC /* Localizable.strings in Resources */ = {isa = PBXBuildFile; fileRef = 9B7ACBCA229B89D800DE7DFC /* Localizable.strings */; };
		9B7ACBD3229B8BCE00DE7DFC /* NavigationBarExtension.swift in Sources */ = {isa = PBXBuildFile; fileRef = 9B7ACBD2229B8BCE00DE7DFC /* NavigationBarExtension.swift */; };
		9B7ACBD5229B8C9F00DE7DFC /* NSObjectExtension.swift in Sources */ = {isa = PBXBuildFile; fileRef = 9B7ACBD4229B8C9F00DE7DFC /* NSObjectExtension.swift */; };
		9B7ACBD8229B8E3000DE7DFC /* ControllerName.swift in Sources */ = {isa = PBXBuildFile; fileRef = 9B7ACBD7229B8E3000DE7DFC /* ControllerName.swift */; };
		9B7ACBDA229B944D00DE7DFC /* CartViewController.swift in Sources */ = {isa = PBXBuildFile; fileRef = 9B7ACBD9229B944D00DE7DFC /* CartViewController.swift */; };
		9B7ACBDE229B9EFE00DE7DFC /* StructContants.swift in Sources */ = {isa = PBXBuildFile; fileRef = 9B7ACBDD229B9EFE00DE7DFC /* StructContants.swift */; };
		9B7ACBE9229BA55000DE7DFC /* FavoritesViewModel.swift in Sources */ = {isa = PBXBuildFile; fileRef = 9B7ACBE8229BA55000DE7DFC /* FavoritesViewModel.swift */; };
		9B7ACBEB229BA57900DE7DFC /* FavoriteStruct.swift in Sources */ = {isa = PBXBuildFile; fileRef = 9B7ACBEA229BA57900DE7DFC /* FavoriteStruct.swift */; };
/* End PBXBuildFile section */

/* Begin PBXFileReference section */
		9B2FA973229BBCB8009328BD /* ProductCollectionViewCell.swift */ = {isa = PBXFileReference; lastKnownFileType = sourcecode.swift; path = ProductCollectionViewCell.swift; sourceTree = "<group>"; };
		9B2FA974229BBCB8009328BD /* ProductCollectionViewCell.xib */ = {isa = PBXFileReference; lastKnownFileType = file.xib; path = ProductCollectionViewCell.xib; sourceTree = "<group>"; };
		9B323CB9229BC8190098B207 /* RequestManager.swift */ = {isa = PBXFileReference; fileEncoding = 4; lastKnownFileType = sourcecode.swift; path = RequestManager.swift; sourceTree = "<group>"; };
		9B323CBA229BC8190098B207 /* ImageManager.swift */ = {isa = PBXFileReference; fileEncoding = 4; lastKnownFileType = sourcecode.swift; path = ImageManager.swift; sourceTree = "<group>"; };
		9B323CBD229BD1FB0098B207 /* StructEndpoints.swift */ = {isa = PBXFileReference; lastKnownFileType = sourcecode.swift; path = StructEndpoints.swift; sourceTree = "<group>"; };
		9B7004E7229AF86500E20E80 /* LineoChallenge.app */ = {isa = PBXFileReference; explicitFileType = wrapper.application; includeInIndex = 0; path = LineoChallenge.app; sourceTree = BUILT_PRODUCTS_DIR; };
		9B7004EA229AF86500E20E80 /* AppDelegate.swift */ = {isa = PBXFileReference; lastKnownFileType = sourcecode.swift; path = AppDelegate.swift; sourceTree = "<group>"; };
		9B7004EC229AF86500E20E80 /* StartViewController.swift */ = {isa = PBXFileReference; lastKnownFileType = sourcecode.swift; path = StartViewController.swift; sourceTree = "<group>"; };
		9B7004EE229AF86500E20E80 /* SearchViewController.swift */ = {isa = PBXFileReference; lastKnownFileType = sourcecode.swift; path = SearchViewController.swift; sourceTree = "<group>"; };
		9B7004F3229AF86700E20E80 /* Assets.xcassets */ = {isa = PBXFileReference; lastKnownFileType = folder.assetcatalog; path = Assets.xcassets; sourceTree = "<group>"; };
		9B7004F8229AF86700E20E80 /* Info.plist */ = {isa = PBXFileReference; lastKnownFileType = text.plist.xml; path = Info.plist; sourceTree = "<group>"; };
		9B700505229B058C00E20E80 /* Base */ = {isa = PBXFileReference; lastKnownFileType = file.storyboard; name = Base; path = Base.lproj/Main.storyboard; sourceTree = "<group>"; };
		9B700506229B058C00E20E80 /* Base */ = {isa = PBXFileReference; lastKnownFileType = file.storyboard; name = Base; path = Base.lproj/LaunchScreen.storyboard; sourceTree = "<group>"; };
		9B700511229B0BCC00E20E80 /* FavoritesViewController.swift */ = {isa = PBXFileReference; lastKnownFileType = sourcecode.swift; path = FavoritesViewController.swift; sourceTree = "<group>"; };
		9B700513229B0F4400E20E80 /* TabBarController.swift */ = {isa = PBXFileReference; lastKnownFileType = sourcecode.swift; path = TabBarController.swift; sourceTree = "<group>"; };
		9B7ACBA9229B842700DE7DFC /* MyAccountViewController.swift */ = {isa = PBXFileReference; lastKnownFileType = sourcecode.swift; path = MyAccountViewController.swift; sourceTree = "<group>"; };
		9B7ACBC4229B89D800DE7DFC /* en */ = {isa = PBXFileReference; lastKnownFileType = text.plist.strings; name = en; path = Localizable.strings; sourceTree = "<group>"; };
		9B7ACBCB229B89D800DE7DFC /* es */ = {isa = PBXFileReference; lastKnownFileType = text.plist.strings; name = es; path = Localizable.strings; sourceTree = "<group>"; };
		9B7ACBD2229B8BCE00DE7DFC /* NavigationBarExtension.swift */ = {isa = PBXFileReference; lastKnownFileType = sourcecode.swift; path = NavigationBarExtension.swift; sourceTree = "<group>"; };
		9B7ACBD4229B8C9F00DE7DFC /* NSObjectExtension.swift */ = {isa = PBXFileReference; lastKnownFileType = sourcecode.swift; path = NSObjectExtension.swift; sourceTree = "<group>"; };
		9B7ACBD7229B8E3000DE7DFC /* ControllerName.swift */ = {isa = PBXFileReference; lastKnownFileType = sourcecode.swift; path = ControllerName.swift; sourceTree = "<group>"; };
		9B7ACBD9229B944D00DE7DFC /* CartViewController.swift */ = {isa = PBXFileReference; lastKnownFileType = sourcecode.swift; path = CartViewController.swift; sourceTree = "<group>"; };
		9B7ACBDD229B9EFE00DE7DFC /* StructContants.swift */ = {isa = PBXFileReference; lastKnownFileType = sourcecode.swift; path = StructContants.swift; sourceTree = "<group>"; };
		9B7ACBE8229BA55000DE7DFC /* FavoritesViewModel.swift */ = {isa = PBXFileReference; lastKnownFileType = sourcecode.swift; path = FavoritesViewModel.swift; sourceTree = "<group>"; };
		9B7ACBEA229BA57900DE7DFC /* FavoriteStruct.swift */ = {isa = PBXFileReference; lastKnownFileType = sourcecode.swift; path = FavoriteStruct.swift; sourceTree = "<group>"; };
/* End PBXFileReference section */

/* Begin PBXFrameworksBuildPhase section */
		9B7004E4229AF86500E20E80 /* Frameworks */ = {
			isa = PBXFrameworksBuildPhase;
			buildActionMask = 2147483647;
			files = (
			);
			runOnlyForDeploymentPostprocessing = 0;
		};
/* End PBXFrameworksBuildPhase section */

/* Begin PBXGroup section */
		9B323CB8229BC7EF0098B207 /* Managers */ = {
			isa = PBXGroup;
			children = (
				9B323CBA229BC8190098B207 /* ImageManager.swift */,
				9B323CB9229BC8190098B207 /* RequestManager.swift */,
			);
			path = Managers;
			sourceTree = "<group>";
		};
		9B7004DE229AF86500E20E80 = {
			isa = PBXGroup;
			children = (
				9B7004E9229AF86500E20E80 /* LineoChallenge */,
				9B7004E8229AF86500E20E80 /* Products */,
			);
			sourceTree = "<group>";
		};
		9B7004E8229AF86500E20E80 /* Products */ = {
			isa = PBXGroup;
			children = (
				9B7004E7229AF86500E20E80 /* LineoChallenge.app */,
			);
			name = Products;
			sourceTree = "<group>";
		};
		9B7004E9229AF86500E20E80 /* LineoChallenge */ = {
			isa = PBXGroup;
			children = (
				9B7004EA229AF86500E20E80 /* AppDelegate.swift */,
				9B700513229B0F4400E20E80 /* TabBarController.swift */,
				9B323CB8229BC7EF0098B207 /* Managers */,
				9B7ACBAB229B852400DE7DFC /* Extensions */,
				9B7ACBD6229B8DF500DE7DFC /* Enumerations */,
				9B7ACBDC229B9EED00DE7DFC /* Structs */,
				9B7ACBDB229B949A00DE7DFC /* Modules */,
				9B7004F0229AF86500E20E80 /* Main.storyboard */,
				9B7004F3229AF86700E20E80 /* Assets.xcassets */,
				9B7004F5229AF86700E20E80 /* LaunchScreen.storyboard */,
				9B7004F8229AF86700E20E80 /* Info.plist */,
				9B7ACBBE229B89D800DE7DFC /* en.lproj */,
				9B7ACBC5229B89D800DE7DFC /* es.lproj */,
			);
			path = LineoChallenge;
			sourceTree = "<group>";
		};
		9B7ACBAB229B852400DE7DFC /* Extensions */ = {
			isa = PBXGroup;
			children = (
				9B7ACBD2229B8BCE00DE7DFC /* NavigationBarExtension.swift */,
				9B7ACBD4229B8C9F00DE7DFC /* NSObjectExtension.swift */,
			);
			path = Extensions;
			sourceTree = "<group>";
		};
		9B7ACBBE229B89D800DE7DFC /* en.lproj */ = {
			isa = PBXGroup;
			children = (
				9B7ACBC3229B89D800DE7DFC /* Localizable.strings */,
			);
			path = en.lproj;
			sourceTree = "<group>";
		};
		9B7ACBC5229B89D800DE7DFC /* es.lproj */ = {
			isa = PBXGroup;
			children = (
				9B7ACBCA229B89D800DE7DFC /* Localizable.strings */,
			);
			path = es.lproj;
			sourceTree = "<group>";
		};
		9B7ACBD6229B8DF500DE7DFC /* Enumerations */ = {
			isa = PBXGroup;
			children = (
				9B7ACBD7229B8E3000DE7DFC /* ControllerName.swift */,
			);
			path = Enumerations;
			sourceTree = "<group>";
		};
		9B7ACBDB229B949A00DE7DFC /* Modules */ = {
			isa = PBXGroup;
			children = (
				9B7ACBE0229BA23700DE7DFC /* Start */,
				9B7ACBE1229BA23F00DE7DFC /* Search */,
				9B7ACBDF229BA22A00DE7DFC /* Favorites */,
				9B7ACBE2229BA24700DE7DFC /* MyAccount */,
				9B7ACBE3229BA24F00DE7DFC /* Cart */,
			);
			path = Modules;
			sourceTree = "<group>";
		};
		9B7ACBDC229B9EED00DE7DFC /* Structs */ = {
			isa = PBXGroup;
			children = (
				9B7ACBDD229B9EFE00DE7DFC /* StructContants.swift */,
				9B323CBD229BD1FB0098B207 /* StructEndpoints.swift */,
			);
			path = Structs;
			sourceTree = "<group>";
		};
		9B7ACBDF229BA22A00DE7DFC /* Favorites */ = {
			isa = PBXGroup;
			children = (
				9B7ACBE7229BA36300DE7DFC /* Views */,
				9B7ACBE6229BA35A00DE7DFC /* ViewModel */,
				9B7ACBE5229BA35400DE7DFC /* Models */,
				9B7ACBE4229BA34B00DE7DFC /* Controllers */,
			);
			path = Favorites;
			sourceTree = "<group>";
		};
		9B7ACBE0229BA23700DE7DFC /* Start */ = {
			isa = PBXGroup;
			children = (
				9B7004EC229AF86500E20E80 /* StartViewController.swift */,
			);
			path = Start;
			sourceTree = "<group>";
		};
		9B7ACBE1229BA23F00DE7DFC /* Search */ = {
			isa = PBXGroup;
			children = (
				9B7004EE229AF86500E20E80 /* SearchViewController.swift */,
			);
			path = Search;
			sourceTree = "<group>";
		};
		9B7ACBE2229BA24700DE7DFC /* MyAccount */ = {
			isa = PBXGroup;
			children = (
				9B7ACBA9229B842700DE7DFC /* MyAccountViewController.swift */,
			);
			path = MyAccount;
			sourceTree = "<group>";
		};
		9B7ACBE3229BA24F00DE7DFC /* Cart */ = {
			isa = PBXGroup;
			children = (
				9B7ACBD9229B944D00DE7DFC /* CartViewController.swift */,
			);
			path = Cart;
			sourceTree = "<group>";
		};
		9B7ACBE4229BA34B00DE7DFC /* Controllers */ = {
			isa = PBXGroup;
			children = (
				9B700511229B0BCC00E20E80 /* FavoritesViewController.swift */,
			);
			path = Controllers;
			sourceTree = "<group>";
		};
		9B7ACBE5229BA35400DE7DFC /* Models */ = {
			isa = PBXGroup;
			children = (
				9B7ACBEA229BA57900DE7DFC /* FavoriteStruct.swift */,
			);
			path = Models;
			sourceTree = "<group>";
		};
		9B7ACBE6229BA35A00DE7DFC /* ViewModel */ = {
			isa = PBXGroup;
			children = (
				9B7ACBE8229BA55000DE7DFC /* FavoritesViewModel.swift */,
			);
			path = ViewModel;
			sourceTree = "<group>";
		};
		9B7ACBE7229BA36300DE7DFC /* Views */ = {
			isa = PBXGroup;
			children = (
				9B2FA973229BBCB8009328BD /* ProductCollectionViewCell.swift */,
				9B2FA974229BBCB8009328BD /* ProductCollectionViewCell.xib */,
			);
			path = Views;
			sourceTree = "<group>";
		};
/* End PBXGroup section */

/* Begin PBXNativeTarget section */
		9B7004E6229AF86500E20E80 /* LineoChallenge */ = {
			isa = PBXNativeTarget;
			buildConfigurationList = 9B7004FB229AF86700E20E80 /* Build configuration list for PBXNativeTarget "LineoChallenge" */;
			buildPhases = (
				9B7004E3229AF86500E20E80 /* Sources */,
				9B7004E4229AF86500E20E80 /* Frameworks */,
				9B7004E5229AF86500E20E80 /* Resources */,
			);
			buildRules = (
			);
			dependencies = (
			);
			name = LineoChallenge;
			productName = LineoChallenge;
			productReference = 9B7004E7229AF86500E20E80 /* LineoChallenge.app */;
			productType = "com.apple.product-type.application";
		};
/* End PBXNativeTarget section */

/* Begin PBXProject section */
		9B7004DF229AF86500E20E80 /* Project object */ = {
			isa = PBXProject;
			attributes = {
				LastSwiftUpdateCheck = 0930;
				LastUpgradeCheck = 0930;
				ORGANIZATIONNAME = "Jesus Antonio Ramos Martinez";
				TargetAttributes = {
					9B7004E6229AF86500E20E80 = {
						CreatedOnToolsVersion = 9.3.1;
					};
				};
			};
			buildConfigurationList = 9B7004E2229AF86500E20E80 /* Build configuration list for PBXProject "LineoChallenge" */;
			compatibilityVersion = "Xcode 9.3";
			developmentRegion = en;
			hasScannedForEncodings = 0;
			knownRegions = (
				Base,
				en,
				es,
			);
			mainGroup = 9B7004DE229AF86500E20E80;
			productRefGroup = 9B7004E8229AF86500E20E80 /* Products */;
			projectDirPath = "";
			projectRoot = "";
			targets = (
				9B7004E6229AF86500E20E80 /* LineoChallenge */,
			);
		};
/* End PBXProject section */

/* Begin PBXResourcesBuildPhase section */
		9B7004E5229AF86500E20E80 /* Resources */ = {
			isa = PBXResourcesBuildPhase;
			buildActionMask = 2147483647;
			files = (
				9B7004F7229AF86700E20E80 /* LaunchScreen.storyboard in Resources */,
				9B7ACBCE229B89D800DE7DFC /* Localizable.strings in Resources */,
				9B2FA976229BBCB8009328BD /* ProductCollectionViewCell.xib in Resources */,
				9B7004F4229AF86700E20E80 /* Assets.xcassets in Resources */,
				9B7ACBD1229B89D800DE7DFC /* Localizable.strings in Resources */,
				9B7004F2229AF86500E20E80 /* Main.storyboard in Resources */,
			);
			runOnlyForDeploymentPostprocessing = 0;
		};
/* End PBXResourcesBuildPhase section */

/* Begin PBXSourcesBuildPhase section */
		9B7004E3229AF86500E20E80 /* Sources */ = {
			isa = PBXSourcesBuildPhase;
			buildActionMask = 2147483647;
			files = (
				9B323CBB229BC8190098B207 /* RequestManager.swift in Sources */,
				9B7004EF229AF86500E20E80 /* SearchViewController.swift in Sources */,
				9B7ACBEB229BA57900DE7DFC /* FavoriteStruct.swift in Sources */,
				9B2FA975229BBCB8009328BD /* ProductCollectionViewCell.swift in Sources */,
				9B7ACBD3229B8BCE00DE7DFC /* NavigationBarExtension.swift in Sources */,
				9B7ACBDE229B9EFE00DE7DFC /* StructContants.swift in Sources */,
				9B7ACBDA229B944D00DE7DFC /* CartViewController.swift in Sources */,
				9B7004EB229AF86500E20E80 /* AppDelegate.swift in Sources */,
				9B7ACBAA229B842700DE7DFC /* MyAccountViewController.swift in Sources */,
				9B7ACBE9229BA55000DE7DFC /* FavoritesViewModel.swift in Sources */,
				9B323CBE229BD1FB0098B207 /* StructEndpoints.swift in Sources */,
				9B700512229B0BCC00E20E80 /* FavoritesViewController.swift in Sources */,
				9B323CBC229BC8190098B207 /* ImageManager.swift in Sources */,
				9B700514229B0F4400E20E80 /* TabBarController.swift in Sources */,
				9B7004ED229AF86500E20E80 /* StartViewController.swift in Sources */,
				9B7ACBD5229B8C9F00DE7DFC /* NSObjectExtension.swift in Sources */,
				9B7ACBD8229B8E3000DE7DFC /* ControllerName.swift in Sources */,
			);
			runOnlyForDeploymentPostprocessing = 0;
		};
/* End PBXSourcesBuildPhase section */

/* Begin PBXVariantGroup section */
		9B7004F0229AF86500E20E80 /* Main.storyboard */ = {
			isa = PBXVariantGroup;
			children = (
				9B700505229B058C00E20E80 /* Base */,
			);
			name = Main.storyboard;
			sourceTree = "<group>";
		};
		9B7004F5229AF86700E20E80 /* LaunchScreen.storyboard */ = {
			isa = PBXVariantGroup;
			children = (
				9B700506229B058C00E20E80 /* Base */,
			);
			name = LaunchScreen.storyboard;
			sourceTree = "<group>";
		};
		9B7ACBC3229B89D800DE7DFC /* Localizable.strings */ = {
			isa = PBXVariantGroup;
			children = (
				9B7ACBC4229B89D800DE7DFC /* en */,
			);
			name = Localizable.strings;
			sourceTree = "<group>";
		};
		9B7ACBCA229B89D800DE7DFC /* Localizable.strings */ = {
			isa = PBXVariantGroup;
			children = (
				9B7ACBCB229B89D800DE7DFC /* es */,
			);
			name = Localizable.strings;
			sourceTree = "<group>";
		};
/* End PBXVariantGroup section */

/* Begin XCBuildConfiguration section */
		9B7004F9229AF86700E20E80 /* Debug */ = {
			isa = XCBuildConfiguration;
			buildSettings = {
				ALWAYS_SEARCH_USER_PATHS = NO;
				CLANG_ANALYZER_LOCALIZABILITY_NONLOCALIZED = YES;
				CLANG_ANALYZER_NONNULL = YES;
				CLANG_ANALYZER_NUMBER_OBJECT_CONVERSION = YES_AGGRESSIVE;
				CLANG_CXX_LANGUAGE_STANDARD = "gnu++14";
				CLANG_CXX_LIBRARY = "libc++";
				CLANG_ENABLE_MODULES = YES;
				CLANG_ENABLE_OBJC_ARC = YES;
				CLANG_ENABLE_OBJC_WEAK = YES;
				CLANG_WARN_BLOCK_CAPTURE_AUTORELEASING = YES;
				CLANG_WARN_BOOL_CONVERSION = YES;
				CLANG_WARN_COMMA = YES;
				CLANG_WARN_CONSTANT_CONVERSION = YES;
				CLANG_WARN_DEPRECATED_OBJC_IMPLEMENTATIONS = YES;
				CLANG_WARN_DIRECT_OBJC_ISA_USAGE = YES_ERROR;
				CLANG_WARN_DOCUMENTATION_COMMENTS = YES;
				CLANG_WARN_EMPTY_BODY = YES;
				CLANG_WARN_ENUM_CONVERSION = YES;
				CLANG_WARN_INFINITE_RECURSION = YES;
				CLANG_WARN_INT_CONVERSION = YES;
				CLANG_WARN_NON_LITERAL_NULL_CONVERSION = YES;
				CLANG_WARN_OBJC_IMPLICIT_RETAIN_SELF = YES;
				CLANG_WARN_OBJC_LITERAL_CONVERSION = YES;
				CLANG_WARN_OBJC_ROOT_CLASS = YES_ERROR;
				CLANG_WARN_RANGE_LOOP_ANALYSIS = YES;
				CLANG_WARN_STRICT_PROTOTYPES = YES;
				CLANG_WARN_SUSPICIOUS_MOVE = YES;
				CLANG_WARN_UNGUARDED_AVAILABILITY = YES_AGGRESSIVE;
				CLANG_WARN_UNREACHABLE_CODE = YES;
				CLANG_WARN__DUPLICATE_METHOD_MATCH = YES;
				CODE_SIGN_IDENTITY = "iPhone Developer";
				COPY_PHASE_STRIP = NO;
				DEBUG_INFORMATION_FORMAT = dwarf;
				ENABLE_STRICT_OBJC_MSGSEND = YES;
				ENABLE_TESTABILITY = YES;
				GCC_C_LANGUAGE_STANDARD = gnu11;
				GCC_DYNAMIC_NO_PIC = NO;
				GCC_NO_COMMON_BLOCKS = YES;
				GCC_OPTIMIZATION_LEVEL = 0;
				GCC_PREPROCESSOR_DEFINITIONS = (
					"DEBUG=1",
					"$(inherited)",
				);
				GCC_WARN_64_TO_32_BIT_CONVERSION = YES;
				GCC_WARN_ABOUT_RETURN_TYPE = YES_ERROR;
				GCC_WARN_UNDECLARED_SELECTOR = YES;
				GCC_WARN_UNINITIALIZED_AUTOS = YES_AGGRESSIVE;
				GCC_WARN_UNUSED_FUNCTION = YES;
				GCC_WARN_UNUSED_VARIABLE = YES;
				IPHONEOS_DEPLOYMENT_TARGET = 9.0;
				MTL_ENABLE_DEBUG_INFO = YES;
				ONLY_ACTIVE_ARCH = YES;
				SDKROOT = iphoneos;
				SWIFT_ACTIVE_COMPILATION_CONDITIONS = DEBUG;
				SWIFT_OPTIMIZATION_LEVEL = "-Onone";
			};
			name = Debug;
		};
		9B7004FA229AF86700E20E80 /* Release */ = {
			isa = XCBuildConfiguration;
			buildSettings = {
				ALWAYS_SEARCH_USER_PATHS = NO;
				CLANG_ANALYZER_LOCALIZABILITY_NONLOCALIZED = YES;
				CLANG_ANALYZER_NONNULL = YES;
				CLANG_ANALYZER_NUMBER_OBJECT_CONVERSION = YES_AGGRESSIVE;
				CLANG_CXX_LANGUAGE_STANDARD = "gnu++14";
				CLANG_CXX_LIBRARY = "libc++";
				CLANG_ENABLE_MODULES = YES;
				CLANG_ENABLE_OBJC_ARC = YES;
				CLANG_ENABLE_OBJC_WEAK = YES;
				CLANG_WARN_BLOCK_CAPTURE_AUTORELEASING = YES;
				CLANG_WARN_BOOL_CONVERSION = YES;
				CLANG_WARN_COMMA = YES;
				CLANG_WARN_CONSTANT_CONVERSION = YES;
				CLANG_WARN_DEPRECATED_OBJC_IMPLEMENTATIONS = YES;
				CLANG_WARN_DIRECT_OBJC_ISA_USAGE = YES_ERROR;
				CLANG_WARN_DOCUMENTATION_COMMENTS = YES;
				CLANG_WARN_EMPTY_BODY = YES;
				CLANG_WARN_ENUM_CONVERSION = YES;
				CLANG_WARN_INFINITE_RECURSION = YES;
				CLANG_WARN_INT_CONVERSION = YES;
				CLANG_WARN_NON_LITERAL_NULL_CONVERSION = YES;
				CLANG_WARN_OBJC_IMPLICIT_RETAIN_SELF = YES;
				CLANG_WARN_OBJC_LITERAL_CONVERSION = YES;
				CLANG_WARN_OBJC_ROOT_CLASS = YES_ERROR;
				CLANG_WARN_RANGE_LOOP_ANALYSIS = YES;
				CLANG_WARN_STRICT_PROTOTYPES = YES;
				CLANG_WARN_SUSPICIOUS_MOVE = YES;
				CLANG_WARN_UNGUARDED_AVAILABILITY = YES_AGGRESSIVE;
				CLANG_WARN_UNREACHABLE_CODE = YES;
				CLANG_WARN__DUPLICATE_METHOD_MATCH = YES;
				CODE_SIGN_IDENTITY = "iPhone Developer";
				COPY_PHASE_STRIP = NO;
				DEBUG_INFORMATION_FORMAT = "dwarf-with-dsym";
				ENABLE_NS_ASSERTIONS = NO;
				ENABLE_STRICT_OBJC_MSGSEND = YES;
				GCC_C_LANGUAGE_STANDARD = gnu11;
				GCC_NO_COMMON_BLOCKS = YES;
				GCC_WARN_64_TO_32_BIT_CONVERSION = YES;
				GCC_WARN_ABOUT_RETURN_TYPE = YES_ERROR;
				GCC_WARN_UNDECLARED_SELECTOR = YES;
				GCC_WARN_UNINITIALIZED_AUTOS = YES_AGGRESSIVE;
				GCC_WARN_UNUSED_FUNCTION = YES;
				GCC_WARN_UNUSED_VARIABLE = YES;
				IPHONEOS_DEPLOYMENT_TARGET = 9.0;
				MTL_ENABLE_DEBUG_INFO = NO;
				SDKROOT = iphoneos;
				SWIFT_COMPILATION_MODE = wholemodule;
				SWIFT_OPTIMIZATION_LEVEL = "-O";
				VALIDATE_PRODUCT = YES;
			};
			name = Release;
		};
		9B7004FC229AF86700E20E80 /* Debug */ = {
			isa = XCBuildConfiguration;
			buildSettings = {
				ASSETCATALOG_COMPILER_APPICON_NAME = AppIcon;
				CODE_SIGN_STYLE = Automatic;
				INFOPLIST_FILE = LineoChallenge/Info.plist;
				IPHONEOS_DEPLOYMENT_TARGET = 9.0;
				LD_RUNPATH_SEARCH_PATHS = (
					"$(inherited)",
					"@executable_path/Frameworks",
				);
				PRODUCT_BUNDLE_IDENTIFIER = com.LineoChallenge;
				PRODUCT_NAME = "$(TARGET_NAME)";
				SWIFT_VERSION = 4.0;
				TARGETED_DEVICE_FAMILY = "1,2";
			};
			name = Debug;
		};
		9B7004FD229AF86700E20E80 /* Release */ = {
			isa = XCBuildConfiguration;
			buildSettings = {
				ASSETCATALOG_COMPILER_APPICON_NAME = AppIcon;
				CODE_SIGN_STYLE = Automatic;
				INFOPLIST_FILE = LineoChallenge/Info.plist;
				IPHONEOS_DEPLOYMENT_TARGET = 9.0;
				LD_RUNPATH_SEARCH_PATHS = (
					"$(inherited)",
					"@executable_path/Frameworks",
				);
				PRODUCT_BUNDLE_IDENTIFIER = com.LineoChallenge;
				PRODUCT_NAME = "$(TARGET_NAME)";
				SWIFT_VERSION = 4.0;
				TARGETED_DEVICE_FAMILY = "1,2";
			};
			name = Release;
		};
/* End XCBuildConfiguration section */

/* Begin XCConfigurationList section */
		9B7004E2229AF86500E20E80 /* Build configuration list for PBXProject "LineoChallenge" */ = {
			isa = XCConfigurationList;
			buildConfigurations = (
				9B7004F9229AF86700E20E80 /* Debug */,
				9B7004FA229AF86700E20E80 /* Release */,
			);
			defaultConfigurationIsVisible = 0;
			defaultConfigurationName = Release;
		};
		9B7004FB229AF86700E20E80 /* Build configuration list for PBXNativeTarget "LineoChallenge" */ = {
			isa = XCConfigurationList;
			buildConfigurations = (
				9B7004FC229AF86700E20E80 /* Debug */,
				9B7004FD229AF86700E20E80 /* Release */,
			);
			defaultConfigurationIsVisible = 0;
			defaultConfigurationName = Release;
		};
/* End XCConfigurationList section */
	};
	rootObject = 9B7004DF229AF86500E20E80 /* Project object */;
}
